
Microsoft Visual Studio Solution File, Format Version 12.00
# Visual Studio Version 16
VisualStudioVersion = 16.0.30804.86
MinimumVisualStudioVersion = 10.0.40219.1
Project("{FAE04EC0-301F-11D3-BF4B-00C04F79EFBC}") = "KataLibrary", "KataLibrary\KataLibrary.csproj", "{1365F13C-2AFF-45E3-9B2B-18869BD555C8}"
EndProject
Project("{FAE04EC0-301F-11D3-BF4B-00C04F79EFBC}") = "UnitTests", "UnitTests\UnitTests.csproj", "{3F2DDB6E-D9A0-4070-8843-BB0EFC68B9E5}"
EndProject
Global
	GlobalSection(SolutionConfigurationPlatforms) = preSolution
		Debug|Any CPU = Debug|Any CPU
		Release|Any CPU = Release|Any CPU
	EndGlobalSection
	GlobalSection(ProjectConfigurationPlatforms) = postSolution
		{1365F13C-2AFF-45E3-9B2B-18869BD555C8}.Debug|Any CPU.ActiveCfg = Debug|Any CPU
		{1365F13C-2AFF-45E3-9B2B-18869BD555C8}.Debug|Any CPU.Build.0 = Debug|Any CPU
		{1365F13C-2AFF-45E3-9B2B-18869BD555C8}.Release|Any CPU.ActiveCfg = Release|Any CPU
		{1365F13C-2AFF-45E3-9B2B-18869BD555C8}.Release|Any CPU.Build.0 = Release|Any CPU
		{3F2DDB6E-D9A0-4070-8843-BB0EFC68B9E5}.Debug|Any CPU.ActiveCfg = Debug|Any CPU
		{3F2DDB6E-D9A0-4070-8843-BB0EFC68B9E5}.Debug|Any CPU.Build.0 = Debug|Any CPU
		{3F2DDB6E-D9A0-4070-8843-BB0EFC68B9E5}.Release|Any CPU.ActiveCfg = Release|Any CPU
		{3F2DDB6E-D9A0-4070-8843-BB0EFC68B9E5}.Release|Any CPU.Build.0 = Release|Any CPU
	EndGlobalSection
	GlobalSection(SolutionProperties) = preSolution
		HideSolutionNode = FALSE
	EndGlobalSection
	GlobalSection(ExtensibilityGlobals) = postSolution
		SolutionGuid = {C25ECE87-C7E5-4070-9A55-10830D088FC8}
	EndGlobalSection
EndGlobal
